// !$*UTF8*$!
{
	archiveVersion = 1;
	classes = {
	};
	objectVersion = 50;
	objects = {

/* Begin PBXBuildFile section */
		22BCE7B223C8AE1400FB0735 /* AppDelegate.swift in Sources */ = {isa = PBXBuildFile; fileRef = 22BCE7B123C8AE1400FB0735 /* AppDelegate.swift */; };
		22BCE7B423C8AE1400FB0735 /* SceneDelegate.swift in Sources */ = {isa = PBXBuildFile; fileRef = 22BCE7B323C8AE1400FB0735 /* SceneDelegate.swift */; };
		22BCE7B623C8AE1400FB0735 /* ViewController.swift in Sources */ = {isa = PBXBuildFile; fileRef = 22BCE7B523C8AE1400FB0735 /* ViewController.swift */; };
		22BCE7B923C8AE1400FB0735 /* Main.storyboard in Resources */ = {isa = PBXBuildFile; fileRef = 22BCE7B723C8AE1400FB0735 /* Main.storyboard */; };
		22BCE7BB23C8AE1600FB0735 /* Assets.xcassets in Resources */ = {isa = PBXBuildFile; fileRef = 22BCE7BA23C8AE1600FB0735 /* Assets.xcassets */; };
		22BCE7BE23C8AE1600FB0735 /* LaunchScreen.storyboard in Resources */ = {isa = PBXBuildFile; fileRef = 22BCE7BC23C8AE1600FB0735 /* LaunchScreen.storyboard */; };
/* End PBXBuildFile section */

/* Begin PBXFileReference section */
		22BCE7AE23C8AE1400FB0735 /* ubble integration ios 12.app */ = {isa = PBXFileReference; explicitFileType = wrapper.application; includeInIndex = 0; path = "ubble integration ios 12.app"; sourceTree = BUILT_PRODUCTS_DIR; };
		22BCE7B123C8AE1400FB0735 /* AppDelegate.swift */ = {isa = PBXFileReference; lastKnownFileType = sourcecode.swift; path = AppDelegate.swift; sourceTree = "<group>"; };
		22BCE7B323C8AE1400FB0735 /* SceneDelegate.swift */ = {isa = PBXFileReference; lastKnownFileType = sourcecode.swift; path = SceneDelegate.swift; sourceTree = "<group>"; };
		22BCE7B523C8AE1400FB0735 /* ViewController.swift */ = {isa = PBXFileReference; lastKnownFileType = sourcecode.swift; path = ViewController.swift; sourceTree = "<group>"; };
		22BCE7B823C8AE1400FB0735 /* Base */ = {isa = PBXFileReference; lastKnownFileType = file.storyboard; name = Base; path = Base.lproj/Main.storyboard; sourceTree = "<group>"; };
		22BCE7BA23C8AE1600FB0735 /* Assets.xcassets */ = {isa = PBXFileReference; lastKnownFileType = folder.assetcatalog; path = Assets.xcassets; sourceTree = "<group>"; };
		22BCE7BD23C8AE1600FB0735 /* Base */ = {isa = PBXFileReference; lastKnownFileType = file.storyboard; name = Base; path = Base.lproj/LaunchScreen.storyboard; sourceTree = "<group>"; };
		22BCE7BF23C8AE1600FB0735 /* Info.plist */ = {isa = PBXFileReference; lastKnownFileType = text.plist.xml; path = Info.plist; sourceTree = "<group>"; };
/* End PBXFileReference section */

/* Begin PBXFrameworksBuildPhase section */
		22BCE7AB23C8AE1400FB0735 /* Frameworks */ = {
			isa = PBXFrameworksBuildPhase;
			buildActionMask = 2147483647;
			files = (
			);
			runOnlyForDeploymentPostprocessing = 0;
		};
/* End PBXFrameworksBuildPhase section */

/* Begin PBXGroup section */
		22BCE7A523C8AE1400FB0735 = {
			isa = PBXGroup;
			children = (
				22BCE7B023C8AE1400FB0735 /* ubble integration ios 12 */,
				22BCE7AF23C8AE1400FB0735 /* Products */,
			);
			sourceTree = "<group>";
		};
		22BCE7AF23C8AE1400FB0735 /* Products */ = {
			isa = PBXGroup;
			children = (
				22BCE7AE23C8AE1400FB0735 /* ubble integration ios 12.app */,
			);
			name = Products;
			sourceTree = "<group>";
		};
		22BCE7B023C8AE1400FB0735 /* ubble integration ios 12 */ = {
			isa = PBXGroup;
			children = (
				22BCE7B123C8AE1400FB0735 /* AppDelegate.swift */,
				22BCE7B323C8AE1400FB0735 /* SceneDelegate.swift */,
				22BCE7B523C8AE1400FB0735 /* ViewController.swift */,
				22BCE7B723C8AE1400FB0735 /* Main.storyboard */,
				22BCE7BA23C8AE1600FB0735 /* Assets.xcassets */,
				22BCE7BC23C8AE1600FB0735 /* LaunchScreen.storyboard */,
				22BCE7BF23C8AE1600FB0735 /* Info.plist */,
			);
			path = "ubble integration ios 12";
			sourceTree = "<group>";
		};
/* End PBXGroup section */

/* Begin PBXNativeTarget section */
		22BCE7AD23C8AE1400FB0735 /* ubble integration ios 12 */ = {
			isa = PBXNativeTarget;
			buildConfigurationList = 22BCE7C223C8AE1600FB0735 /* Build configuration list for PBXNativeTarget "ubble integration ios 12" */;
			buildPhases = (
				22BCE7AA23C8AE1400FB0735 /* Sources */,
				22BCE7AB23C8AE1400FB0735 /* Frameworks */,
				22BCE7AC23C8AE1400FB0735 /* Resources */,
			);
			buildRules = (
			);
			dependencies = (
			);
			name = "ubble integration ios 12";
			productName = "ubble integration ios 12";
			productReference = 22BCE7AE23C8AE1400FB0735 /* ubble integration ios 12.app */;
			productType = "com.apple.product-type.application";
		};
/* End PBXNativeTarget section */

/* Begin PBXProject section */
		22BCE7A623C8AE1400FB0735 /* Project object */ = {
			isa = PBXProject;
			attributes = {
				LastSwiftUpdateCheck = 1130;
				LastUpgradeCheck = 1130;
				ORGANIZATIONNAME = Ubbleai;
				TargetAttributes = {
					22BCE7AD23C8AE1400FB0735 = {
						CreatedOnToolsVersion = 11.3;
					};
				};
			};
			buildConfigurationList = 22BCE7A923C8AE1400FB0735 /* Build configuration list for PBXProject "ubble integration ios 12" */;
			compatibilityVersion = "Xcode 9.3";
			developmentRegion = en;
			hasScannedForEncodings = 0;
			knownRegions = (
				en,
				Base,
			);
			mainGroup = 22BCE7A523C8AE1400FB0735;
			productRefGroup = 22BCE7AF23C8AE1400FB0735 /* Products */;
			projectDirPath = "";
			projectRoot = "";
			targets = (
				22BCE7AD23C8AE1400FB0735 /* ubble integration ios 12 */,
			);
		};
/* End PBXProject section */

/* Begin PBXResourcesBuildPhase section */
		22BCE7AC23C8AE1400FB0735 /* Resources */ = {
			isa = PBXResourcesBuildPhase;
			buildActionMask = 2147483647;
			files = (
				22BCE7BE23C8AE1600FB0735 /* LaunchScreen.storyboard in Resources */,
				22BCE7BB23C8AE1600FB0735 /* Assets.xcassets in Resources */,
				22BCE7B923C8AE1400FB0735 /* Main.storyboard in Resources */,
			);
			runOnlyForDeploymentPostprocessing = 0;
		};
/* End PBXResourcesBuildPhase section */

/* Begin PBXSourcesBuildPhase section */
		22BCE7AA23C8AE1400FB0735 /* Sources */ = {
			isa = PBXSourcesBuildPhase;
			buildActionMask = 2147483647;
			files = (
				22BCE7B623C8AE1400FB0735 /* ViewController.swift in Sources */,
				22BCE7B223C8AE1400FB0735 /* AppDelegate.swift in Sources */,
				22BCE7B423C8AE1400FB0735 /* SceneDelegate.swift in Sources */,
			);
			runOnlyForDeploymentPostprocessing = 0;
		};
/* End PBXSourcesBuildPhase section */

/* Begin PBXVariantGroup section */
		22BCE7B723C8AE1400FB0735 /* Main.storyboard */ = {
			isa = PBXVariantGroup;
			children = (
				22BCE7B823C8AE1400FB0735 /* Base */,
			);
			name = Main.storyboard;
			sourceTree = "<group>";
		};
		22BCE7BC23C8AE1600FB0735 /* LaunchScreen.storyboard */ = {
			isa = PBXVariantGroup;
			children = (
				22BCE7BD23C8AE1600FB0735 /* Base */,
			);
			name = LaunchScreen.storyboard;
			sourceTree = "<group>";
		};
/* End PBXVariantGroup section */

/* Begin XCBuildConfiguration section */
		22BCE7C023C8AE1600FB0735 /* Debug */ = {
			isa = XCBuildConfiguration;
			buildSettings = {
				ALWAYS_SEARCH_USER_PATHS = NO;
				CLANG_ANALYZER_NONNULL = YES;
				CLANG_ANALYZER_NUMBER_OBJECT_CONVERSION = YES_AGGRESSIVE;
				CLANG_CXX_LANGUAGE_STANDARD = "gnu++14";
				CLANG_CXX_LIBRARY = "libc++";
				CLANG_ENABLE_MODULES = YES;
				CLANG_ENABLE_OBJC_ARC = YES;
				CLANG_ENABLE_OBJC_WEAK = YES;
				CLANG_WARN_BLOCK_CAPTURE_AUTORELEASING = YES;
				CLANG_WARN_BOOL_CONVERSION = YES;
				CLANG_WARN_COMMA = YES;
				CLANG_WARN_CONSTANT_CONVERSION = YES;
				CLANG_WARN_DEPRECATED_OBJC_IMPLEMENTATIONS = YES;
				CLANG_WARN_DIRECT_OBJC_ISA_USAGE = YES_ERROR;
				CLANG_WARN_DOCUMENTATION_COMMENTS = YES;
				CLANG_WARN_EMPTY_BODY = YES;
				CLANG_WARN_ENUM_CONVERSION = YES;
				CLANG_WARN_INFINITE_RECURSION = YES;
				CLANG_WARN_INT_CONVERSION = YES;
				CLANG_WARN_NON_LITERAL_NULL_CONVERSION = YES;
				CLANG_WARN_OBJC_IMPLICIT_RETAIN_SELF = YES;
				CLANG_WARN_OBJC_LITERAL_CONVERSION = YES;
				CLANG_WARN_OBJC_ROOT_CLASS = YES_ERROR;
				CLANG_WARN_RANGE_LOOP_ANALYSIS = YES;
				CLANG_WARN_STRICT_PROTOTYPES = YES;
				CLANG_WARN_SUSPICIOUS_MOVE = YES;
				CLANG_WARN_UNGUARDED_AVAILABILITY = YES_AGGRESSIVE;
				CLANG_WARN_UNREACHABLE_CODE = YES;
				CLANG_WARN__DUPLICATE_METHOD_MATCH = YES;
				COPY_PHASE_STRIP = NO;
				DEBUG_INFORMATION_FORMAT = dwarf;
				ENABLE_STRICT_OBJC_MSGSEND = YES;
				ENABLE_TESTABILITY = YES;
				GCC_C_LANGUAGE_STANDARD = gnu11;
				GCC_DYNAMIC_NO_PIC = NO;
				GCC_NO_COMMON_BLOCKS = YES;
				GCC_OPTIMIZATION_LEVEL = 0;
				GCC_PREPROCESSOR_DEFINITIONS = (
					"DEBUG=1",
					"$(inherited)",
				);
				GCC_WARN_64_TO_32_BIT_CONVERSION = YES;
				GCC_WARN_ABOUT_RETURN_TYPE = YES_ERROR;
				GCC_WARN_UNDECLARED_SELECTOR = YES;
				GCC_WARN_UNINITIALIZED_AUTOS = YES_AGGRESSIVE;
				GCC_WARN_UNUSED_FUNCTION = YES;
				GCC_WARN_UNUSED_VARIABLE = YES;
				IPHONEOS_DEPLOYMENT_TARGET = 13.2;
				MTL_ENABLE_DEBUG_INFO = INCLUDE_SOURCE;
				MTL_FAST_MATH = YES;
				ONLY_ACTIVE_ARCH = YES;
				SDKROOT = iphoneos;
				SWIFT_ACTIVE_COMPILATION_CONDITIONS = DEBUG;
				SWIFT_OPTIMIZATION_LEVEL = "-Onone";
			};
			name = Debug;
		};
		22BCE7C123C8AE1600FB0735 /* Release */ = {
			isa = XCBuildConfiguration;
			buildSettings = {
				ALWAYS_SEARCH_USER_PATHS = NO;
				CLANG_ANALYZER_NONNULL = YES;
				CLANG_ANALYZER_NUMBER_OBJECT_CONVERSION = YES_AGGRESSIVE;
				CLANG_CXX_LANGUAGE_STANDARD = "gnu++14";
				CLANG_CXX_LIBRARY = "libc++";
				CLANG_ENABLE_MODULES = YES;
				CLANG_ENABLE_OBJC_ARC = YES;
				CLANG_ENABLE_OBJC_WEAK = YES;
				CLANG_WARN_BLOCK_CAPTURE_AUTORELEASING = YES;
				CLANG_WARN_BOOL_CONVERSION = YES;
				CLANG_WARN_COMMA = YES;
				CLANG_WARN_CONSTANT_CONVERSION = YES;
				CLANG_WARN_DEPRECATED_OBJC_IMPLEMENTATIONS = YES;
				CLANG_WARN_DIRECT_OBJC_ISA_USAGE = YES_ERROR;
				CLANG_WARN_DOCUMENTATION_COMMENTS = YES;
				CLANG_WARN_EMPTY_BODY = YES;
				CLANG_WARN_ENUM_CONVERSION = YES;
				CLANG_WARN_INFINITE_RECURSION = YES;
				CLANG_WARN_INT_CONVERSION = YES;
				CLANG_WARN_NON_LITERAL_NULL_CONVERSION = YES;
				CLANG_WARN_OBJC_IMPLICIT_RETAIN_SELF = YES;
				CLANG_WARN_OBJC_LITERAL_CONVERSION = YES;
				CLANG_WARN_OBJC_ROOT_CLASS = YES_ERROR;
				CLANG_WARN_RANGE_LOOP_ANALYSIS = YES;
				CLANG_WARN_STRICT_PROTOTYPES = YES;
				CLANG_WARN_SUSPICIOUS_MOVE = YES;
				CLANG_WARN_UNGUARDED_AVAILABILITY = YES_AGGRESSIVE;
				CLANG_WARN_UNREACHABLE_CODE = YES;
				CLANG_WARN__DUPLICATE_METHOD_MATCH = YES;
				COPY_PHASE_STRIP = NO;
				DEBUG_INFORMATION_FORMAT = "dwarf-with-dsym";
				ENABLE_NS_ASSERTIONS = NO;
				ENABLE_STRICT_OBJC_MSGSEND = YES;
				GCC_C_LANGUAGE_STANDARD = gnu11;
				GCC_NO_COMMON_BLOCKS = YES;
				GCC_WARN_64_TO_32_BIT_CONVERSION = YES;
				GCC_WARN_ABOUT_RETURN_TYPE = YES_ERROR;
				GCC_WARN_UNDECLARED_SELECTOR = YES;
				GCC_WARN_UNINITIALIZED_AUTOS = YES_AGGRESSIVE;
				GCC_WARN_UNUSED_FUNCTION = YES;
				GCC_WARN_UNUSED_VARIABLE = YES;
				IPHONEOS_DEPLOYMENT_TARGET = 13.2;
				MTL_ENABLE_DEBUG_INFO = NO;
				MTL_FAST_MATH = YES;
				SDKROOT = iphoneos;
				SWIFT_COMPILATION_MODE = wholemodule;
				SWIFT_OPTIMIZATION_LEVEL = "-O";
				VALIDATE_PRODUCT = YES;
			};
			name = Release;
		};
		22BCE7C323C8AE1600FB0735 /* Debug */ = {
			isa = XCBuildConfiguration;
			buildSettings = {
				ASSETCATALOG_COMPILER_APPICON_NAME = AppIcon;
				CODE_SIGN_STYLE = Automatic;
				DEVELOPMENT_TEAM = P7V8KR75ZJ;
				INFOPLIST_FILE = "ubble integration ios 12/Info.plist";
				IPHONEOS_DEPLOYMENT_TARGET = 12.0;
				LD_RUNPATH_SEARCH_PATHS = (
					"$(inherited)",
					"@executable_path/Frameworks",
				);
				PRODUCT_BUNDLE_IDENTIFIER = "ubble.ai.ubble-integration-ios-12";
				PRODUCT_NAME = "$(TARGET_NAME)";
				SWIFT_VERSION = 5.0;
				TARGETED_DEVICE_FAMILY = "1,2";
			};
			name = Debug;
		};
		22BCE7C423C8AE1600FB0735 /* Release */ = {
			isa = XCBuildConfiguration;
			buildSettings = {
				ASSETCATALOG_COMPILER_APPICON_NAME = AppIcon;
				CODE_SIGN_STYLE = Automatic;
				DEVELOPMENT_TEAM = P7V8KR75ZJ;
				INFOPLIST_FILE = "ubble integration ios 12/Info.plist";
				IPHONEOS_DEPLOYMENT_TARGET = 12.0;
				LD_RUNPATH_SEARCH_PATHS = (
					"$(inherited)",
					"@executable_path/Frameworks",
				);
				PRODUCT_BUNDLE_IDENTIFIER = "ubble.ai.ubble-integration-ios-12";
				PRODUCT_NAME = "$(TARGET_NAME)";
				SWIFT_VERSION = 5.0;
				TARGETED_DEVICE_FAMILY = "1,2";
			};
			name = Release;
		};
/* End XCBuildConfiguration section */

/* Begin XCConfigurationList section */
		22BCE7A923C8AE1400FB0735 /* Build configuration list for PBXProject "ubble integration ios 12" */ = {
			isa = XCConfigurationList;
			buildConfigurations = (
				22BCE7C023C8AE1600FB0735 /* Debug */,
				22BCE7C123C8AE1600FB0735 /* Release */,
			);
			defaultConfigurationIsVisible = 0;
			defaultConfigurationName = Release;
		};
		22BCE7C223C8AE1600FB0735 /* Build configuration list for PBXNativeTarget "ubble integration ios 12" */ = {
			isa = XCConfigurationList;
			buildConfigurations = (
				22BCE7C323C8AE1600FB0735 /* Debug */,
				22BCE7C423C8AE1600FB0735 /* Release */,
			);
			defaultConfigurationIsVisible = 0;
			defaultConfigurationName = Release;
		};
/* End XCConfigurationList section */
	};
	rootObject = 22BCE7A623C8AE1400FB0735 /* Project object */;
}
